
Microsoft Visual Studio Solution File, Format Version 12.00
Project("{FAE04EC0-301F-11D3-BF4B-00C04F79EFBC}") = "Core", "Core\Core.csproj", "{A196A0F4-D29A-4A8B-ACEE-C2678EB89B95}"
EndProject
Project("{FAE04EC0-301F-11D3-BF4B-00C04F79EFBC}") = "CoreTest", "CoreTest\CoreTest.csproj", "{08B555C3-E0CA-4E1B-A43A-05405B2DA6E4}"
EndProject
Project("{FAE04EC0-301F-11D3-BF4B-00C04F79EFBC}") = "Test", "Test\Test.csproj", "{0AE97745-7E02-4E68-B0DB-1B5193AA25E6}"
EndProject
Project("{FAE04EC0-301F-11D3-BF4B-00C04F79EFBC}") = "FlareSolverrIntegration", "FlareSolverrIntegration\FlareSolverrIntegration.csproj", "{7E110443-2DDE-4099-A4AB-D218E7A5A79D}"
EndProject
Project("{FAE04EC0-301F-11D3-BF4B-00C04F79EFBC}") = "MangaDexLibrary", "MangaDexLibrary\MangaDexLibrary.csproj", "{DC425561-67A2-4D30-A3E4-1EDF272D9C48}"
EndProject
Project("{FAE04EC0-301F-11D3-BF4B-00C04F79EFBC}") = "CoreGui", "CoreGui\CoreGui.csproj", "{C99547B8-939F-4F38-A894-DC8DA05C97FF}"
EndProject
Project("{FAE04EC0-301F-11D3-BF4B-00C04F79EFBC}") = "CoreTui", "CoreTui\CoreTui.csproj", "{1E121D1F-D0D7-4E9F-89BA-44F905AAC8E6}"
EndProject
Global
	GlobalSection(SolutionConfigurationPlatforms) = preSolution
		Debug|Any CPU = Debug|Any CPU
		Release|Any CPU = Release|Any CPU
	EndGlobalSection
	GlobalSection(ProjectConfigurationPlatforms) = postSolution
		{A196A0F4-D29A-4A8B-ACEE-C2678EB89B95}.Debug|Any CPU.ActiveCfg = Debug|Any CPU
		{A196A0F4-D29A-4A8B-ACEE-C2678EB89B95}.Debug|Any CPU.Build.0 = Debug|Any CPU
		{A196A0F4-D29A-4A8B-ACEE-C2678EB89B95}.Release|Any CPU.ActiveCfg = Release|Any CPU
		{A196A0F4-D29A-4A8B-ACEE-C2678EB89B95}.Release|Any CPU.Build.0 = Release|Any CPU
		{08B555C3-E0CA-4E1B-A43A-05405B2DA6E4}.Debug|Any CPU.ActiveCfg = Debug|Any CPU
		{08B555C3-E0CA-4E1B-A43A-05405B2DA6E4}.Debug|Any CPU.Build.0 = Debug|Any CPU
		{08B555C3-E0CA-4E1B-A43A-05405B2DA6E4}.Release|Any CPU.ActiveCfg = Release|Any CPU
		{08B555C3-E0CA-4E1B-A43A-05405B2DA6E4}.Release|Any CPU.Build.0 = Release|Any CPU
		{0AE97745-7E02-4E68-B0DB-1B5193AA25E6}.Debug|Any CPU.ActiveCfg = Debug|Any CPU
		{0AE97745-7E02-4E68-B0DB-1B5193AA25E6}.Debug|Any CPU.Build.0 = Debug|Any CPU
		{0AE97745-7E02-4E68-B0DB-1B5193AA25E6}.Release|Any CPU.ActiveCfg = Release|Any CPU
		{0AE97745-7E02-4E68-B0DB-1B5193AA25E6}.Release|Any CPU.Build.0 = Release|Any CPU
		{7E110443-2DDE-4099-A4AB-D218E7A5A79D}.Debug|Any CPU.ActiveCfg = Debug|Any CPU
		{7E110443-2DDE-4099-A4AB-D218E7A5A79D}.Debug|Any CPU.Build.0 = Debug|Any CPU
		{7E110443-2DDE-4099-A4AB-D218E7A5A79D}.Release|Any CPU.ActiveCfg = Release|Any CPU
		{7E110443-2DDE-4099-A4AB-D218E7A5A79D}.Release|Any CPU.Build.0 = Release|Any CPU
		{DC425561-67A2-4D30-A3E4-1EDF272D9C48}.Debug|Any CPU.ActiveCfg = Debug|Any CPU
		{DC425561-67A2-4D30-A3E4-1EDF272D9C48}.Debug|Any CPU.Build.0 = Debug|Any CPU
		{DC425561-67A2-4D30-A3E4-1EDF272D9C48}.Release|Any CPU.ActiveCfg = Release|Any CPU
		{DC425561-67A2-4D30-A3E4-1EDF272D9C48}.Release|Any CPU.Build.0 = Release|Any CPU
		{C99547B8-939F-4F38-A894-DC8DA05C97FF}.Debug|Any CPU.ActiveCfg = Debug|Any CPU
		{C99547B8-939F-4F38-A894-DC8DA05C97FF}.Debug|Any CPU.Build.0 = Debug|Any CPU
		{C99547B8-939F-4F38-A894-DC8DA05C97FF}.Release|Any CPU.ActiveCfg = Release|Any CPU
		{C99547B8-939F-4F38-A894-DC8DA05C97FF}.Release|Any CPU.Build.0 = Release|Any CPU
		{1E121D1F-D0D7-4E9F-89BA-44F905AAC8E6}.Debug|Any CPU.ActiveCfg = Debug|Any CPU
		{1E121D1F-D0D7-4E9F-89BA-44F905AAC8E6}.Debug|Any CPU.Build.0 = Debug|Any CPU
		{1E121D1F-D0D7-4E9F-89BA-44F905AAC8E6}.Release|Any CPU.ActiveCfg = Release|Any CPU
		{1E121D1F-D0D7-4E9F-89BA-44F905AAC8E6}.Release|Any CPU.Build.0 = Release|Any CPU
	EndGlobalSection
EndGlobal
